
Microsoft Visual Studio Solution File, Format Version 12.00
# Visual Studio Version 17
VisualStudioVersion = 17.3.32929.385
MinimumVisualStudioVersion = 10.0.40219.1
Project("{FAE04EC0-301F-11D3-BF4B-00C04F79EFBC}") = "singlylinkedlist_veriproje", "singlylinkedlist_veriproje\singlylinkedlist_veriproje.csproj", "{CED6CF62-9B5F-4170-A0B8-B7DD913D1BB9}"
EndProject
Global
	GlobalSection(SolutionConfigurationPlatforms) = preSolution
		Debug|Any CPU = Debug|Any CPU
		Release|Any CPU = Release|Any CPU
	EndGlobalSection
	GlobalSection(ProjectConfigurationPlatforms) = postSolution
		{CED6CF62-9B5F-4170-A0B8-B7DD913D1BB9}.Debug|Any CPU.ActiveCfg = Debug|Any CPU
		{CED6CF62-9B5F-4170-A0B8-B7DD913D1BB9}.Debug|Any CPU.Build.0 = Debug|Any CPU
		{CED6CF62-9B5F-4170-A0B8-B7DD913D1BB9}.Release|Any CPU.ActiveCfg = Release|Any CPU
		{CED6CF62-9B5F-4170-A0B8-B7DD913D1BB9}.Release|Any CPU.Build.0 = Release|Any CPU
	EndGlobalSection
	GlobalSection(SolutionProperties) = preSolution
		HideSolutionNode = FALSE
	EndGlobalSection
	GlobalSection(ExtensibilityGlobals) = postSolution
		SolutionGuid = {42282FF2-90B2-4459-9286-6C59401D0375}
	EndGlobalSection
EndGlobal
